
Microsoft Visual Studio Solution File, Format Version 12.00
# Visual Studio Version 17
VisualStudioVersion = 17.14.36811.4 d17.14
MinimumVisualStudioVersion = 10.0.40219.1
Project("{FAE04EC0-301F-11D3-BF4B-00C04F79EFBC}") = "Vimu", "Vimu\Vimu.csproj", "{830678E7-82E7-416F-9D14-DC58D422FB23}"
EndProject
Global
	GlobalSection(SolutionConfigurationPlatforms) = preSolution
		Debug|Any CPU = Debug|Any CPU
		Release|Any CPU = Release|Any CPU
	EndGlobalSection
	GlobalSection(ProjectConfigurationPlatforms) = postSolution
		{830678E7-82E7-416F-9D14-DC58D422FB23}.Debug|Any CPU.ActiveCfg = Debug|Any CPU
		{830678E7-82E7-416F-9D14-DC58D422FB23}.Debug|Any CPU.Build.0 = Debug|Any CPU
		{830678E7-82E7-416F-9D14-DC58D422FB23}.Release|Any CPU.ActiveCfg = Release|Any CPU
		{830678E7-82E7-416F-9D14-DC58D422FB23}.Release|Any CPU.Build.0 = Release|Any CPU
	EndGlobalSection
	GlobalSection(SolutionProperties) = preSolution
		HideSolutionNode = FALSE
	EndGlobalSection
	GlobalSection(ExtensibilityGlobals) = postSolution
		SolutionGuid = {12AE02E3-3335-45F3-840D-6F3110930453}
	EndGlobalSection
EndGlobal
